
Microsoft Visual Studio Solution File, Format Version 12.00
# Visual Studio 15
Project("{FAE04EC0-301F-11D3-BF4B-00C04F79EFBC}") = "Unity.Timeline", "Unity.Timeline.csproj", "{AD6D447A-D011-101E-D61F-0DD651D06C4F}"
EndProject
Project("{FAE04EC0-301F-11D3-BF4B-00C04F79EFBC}") = "Assembly-CSharp", "Assembly-CSharp.csproj", "{CD681BCD-EF4C-AE64-A85A-13CCDA0A6E19}"
EndProject
Project("{FAE04EC0-301F-11D3-BF4B-00C04F79EFBC}") = "Unity.Timeline.Editor", "Unity.Timeline.Editor.csproj", "{8589ED1A-3796-89FB-AE44-063927FF78FF}"
EndProject
Project("{FAE04EC0-301F-11D3-BF4B-00C04F79EFBC}") = "Unity.2D.Tilemap.Editor", "Unity.2D.Tilemap.Editor.csproj", "{87B7FA53-E5F8-7277-468B-AD10D3992294}"
EndProject
Project("{FAE04EC0-301F-11D3-BF4B-00C04F79EFBC}") = "Unity.TextMeshPro.Editor", "Unity.TextMeshPro.Editor.csproj", "{58A53A16-E1E3-5492-25C1-B5AC5154C63F}"
EndProject
Project("{FAE04EC0-301F-11D3-BF4B-00C04F79EFBC}") = "Unity.VisualScripting.Flow", "Unity.VisualScripting.Flow.csproj", "{2E4F94CF-012A-6F19-DBE7-9C9EEC44B511}"
EndProject
Project("{FAE04EC0-301F-11D3-BF4B-00C04F79EFBC}") = "UnityEditor.UI", "UnityEditor.UI.csproj", "{09552822-3B1C-DF90-AF31-74D146666851}"
EndProject
Project("{FAE04EC0-301F-11D3-BF4B-00C04F79EFBC}") = "Unity.PlasticSCM.Editor", "Unity.PlasticSCM.Editor.csproj", "{6B4EBE2F-1BE6-8C07-1B31-34A9C151B0AB}"
EndProject
Project("{FAE04EC0-301F-11D3-BF4B-00C04F79EFBC}") = "Unity.2D.Psdimporter.Editor", "Unity.2D.Psdimporter.Editor.csproj", "{87D18B7F-FC10-DD08-40DF-4D90FAE859DB}"
EndProject
Project("{FAE04EC0-301F-11D3-BF4B-00C04F79EFBC}") = "Unity.VisualScripting.Core", "Unity.VisualScripting.Core.csproj", "{C6098BA1-ED87-E8AD-0323-18AA31CAFC73}"
EndProject
Project("{FAE04EC0-301F-11D3-BF4B-00C04F79EFBC}") = "Unity.Mathematics", "Unity.Mathematics.csproj", "{86394040-E86C-9AC1-062A-1DD49EA8BB30}"
EndProject
Project("{FAE04EC0-301F-11D3-BF4B-00C04F79EFBC}") = "Unity.2D.Animation.Editor", "Unity.2D.Animation.Editor.csproj", "{B84F5270-35A1-7C43-BDE7-AF14EC527888}"
EndProject
Project("{FAE04EC0-301F-11D3-BF4B-00C04F79EFBC}") = "Unity.2D.Common.Path.Editor", "Unity.2D.Common.Path.Editor.csproj", "{A23F8CFA-E414-AC67-3EA2-E578BE9E987F}"
EndProject
Project("{FAE04EC0-301F-11D3-BF4B-00C04F79EFBC}") = "Unity.VisualScripting.Core.Editor", "Unity.VisualScripting.Core.Editor.csproj", "{994BC5BB-B0A3-4CD9-C308-D4420503C573}"
EndProject
Project("{FAE04EC0-301F-11D3-BF4B-00C04F79EFBC}") = "Unity.2D.IK.Runtime", "Unity.2D.IK.Runtime.csproj", "{950F0EA6-D86F-6335-42C9-569A0D8B262B}"
EndProject
Project("{FAE04EC0-301F-11D3-BF4B-00C04F79EFBC}") = "Unity.VisualScripting.Flow.Editor", "Unity.VisualScripting.Flow.Editor.csproj", "{54E3AC75-86B9-CB18-61D1-0045A5F5DA5D}"
EndProject
Project("{FAE04EC0-301F-11D3-BF4B-00C04F79EFBC}") = "UnityEditor.TestRunner", "UnityEditor.TestRunner.csproj", "{EED07591-E589-6CE0-937F-E2B9B8D3BE60}"
EndProject
Project("{FAE04EC0-301F-11D3-BF4B-00C04F79EFBC}") = "Unity.VisualScripting.SettingsProvider.Editor", "Unity.VisualScripting.SettingsProvider.Editor.csproj", "{51EC3711-F2BF-A3F9-1905-054633BE67CD}"
EndProject
Project("{FAE04EC0-301F-11D3-BF4B-00C04F79EFBC}") = "UnityEngine.TestRunner", "UnityEngine.TestRunner.csproj", "{BBC2596D-E79D-143C-9AAE-11675F5093B3}"
EndProject
Project("{FAE04EC0-301F-11D3-BF4B-00C04F79EFBC}") = "PsdPlugin", "PsdPlugin.csproj", "{4E3CD5E3-4767-C46F-8DC4-998D9F56709C}"
EndProject
Project("{FAE04EC0-301F-11D3-BF4B-00C04F79EFBC}") = "Unity.Burst", "Unity.Burst.csproj", "{2144A71B-0612-8B50-1322-BF2640B99FBF}"
EndProject
Project("{FAE04EC0-301F-11D3-BF4B-00C04F79EFBC}") = "UnityEngine.UI", "UnityEngine.UI.csproj", "{9C4A7F16-47E2-9239-6624-8F334DC92910}"
EndProject
Project("{FAE04EC0-301F-11D3-BF4B-00C04F79EFBC}") = "Unity.2D.SpriteShape.Editor", "Unity.2D.SpriteShape.Editor.csproj", "{E0576AE4-883C-8D40-D044-265DD4E344EE}"
EndProject
Project("{FAE04EC0-301F-11D3-BF4B-00C04F79EFBC}") = "Unity.Collections", "Unity.Collections.csproj", "{21F0648E-67F6-7A60-D342-1223C52D902E}"
EndProject
Project("{FAE04EC0-301F-11D3-BF4B-00C04F79EFBC}") = "Unity.VisualStudio.Editor", "Unity.VisualStudio.Editor.csproj", "{187EADEF-3FE1-C4E7-EF22-533BE9A6C4AC}"
EndProject
Project("{FAE04EC0-301F-11D3-BF4B-00C04F79EFBC}") = "Unity.2D.Tilemap.Extras.Editor", "Unity.2D.Tilemap.Extras.Editor.csproj", "{A32C3DE8-D7F7-4414-BBA7-9CDCBF24F2EB}"
EndProject
Project("{FAE04EC0-301F-11D3-BF4B-00C04F79EFBC}") = "Unity.Rider.Editor", "Unity.Rider.Editor.csproj", "{73ECC46D-D953-CE37-FB63-066C2D14C53E}"
EndProject
Project("{FAE04EC0-301F-11D3-BF4B-00C04F79EFBC}") = "Unity.InternalAPIEditorBridge.001", "Unity.InternalAPIEditorBridge.001.csproj", "{BE5186C8-DB3A-A805-A9F8-9994B9DFA48D}"
EndProject
Project("{FAE04EC0-301F-11D3-BF4B-00C04F79EFBC}") = "Unity.2D.SpriteShape.Runtime", "Unity.2D.SpriteShape.Runtime.csproj", "{94BE0A0D-23BB-2749-88CC-532C9A17CB13}"
EndProject
Project("{FAE04EC0-301F-11D3-BF4B-00C04F79EFBC}") = "Unity.VisualScripting.State.Editor", "Unity.VisualScripting.State.Editor.csproj", "{D0B76FE7-2F60-3E63-E155-EFCEE7C60DB4}"
EndProject
Project("{FAE04EC0-301F-11D3-BF4B-00C04F79EFBC}") = "Unity.2D.Animation.Runtime", "Unity.2D.Animation.Runtime.csproj", "{1A594319-DE88-7CBE-700E-874B9DE9481E}"
EndProject
Project("{FAE04EC0-301F-11D3-BF4B-00C04F79EFBC}") = "Unity.Burst.CodeGen", "Unity.Burst.CodeGen.csproj", "{F79E41B3-7FE6-8DD2-EF9E-A0E9FF50FBD6}"
EndProject
Project("{FAE04EC0-301F-11D3-BF4B-00C04F79EFBC}") = "Unity.2D.Tilemap.Extras", "Unity.2D.Tilemap.Extras.csproj", "{5AD3F058-0C83-01EC-70E3-5631F79038DD}"
EndProject
Project("{FAE04EC0-301F-11D3-BF4B-00C04F79EFBC}") = "Unity.VisualScripting.State", "Unity.VisualScripting.State.csproj", "{9194DBF4-EE80-D5A6-5DC9-8379DF2F81A2}"
EndProject
Project("{FAE04EC0-301F-11D3-BF4B-00C04F79EFBC}") = "Unity.TextMeshPro", "Unity.TextMeshPro.csproj", "{3DB7BCC1-CE65-9826-0DB0-7591C95EFB7F}"
EndProject
Project("{FAE04EC0-301F-11D3-BF4B-00C04F79EFBC}") = "Unity.2D.IK.Editor", "Unity.2D.IK.Editor.csproj", "{9F05B8C2-0DC9-4C53-3F8B-01495BBA6AB8}"
EndProject
Project("{FAE04EC0-301F-11D3-BF4B-00C04F79EFBC}") = "Unity.InternalAPIEngineBridge.001", "Unity.InternalAPIEngineBridge.001.csproj", "{B35D5604-A155-216A-69F2-376F3EFDB20E}"
EndProject
Project("{FAE04EC0-301F-11D3-BF4B-00C04F79EFBC}") = "Unity.Burst.Editor", "Unity.Burst.Editor.csproj", "{C2938088-14BC-49D9-6450-0107C0F35B9A}"
EndProject
Project("{FAE04EC0-301F-11D3-BF4B-00C04F79EFBC}") = "Unity.2D.Common.Editor", "Unity.2D.Common.Editor.csproj", "{29D732D6-8038-83DA-879C-6AF48E8826AC}"
EndProject
Project("{FAE04EC0-301F-11D3-BF4B-00C04F79EFBC}") = "Unity.2D.Sprite.Editor", "Unity.2D.Sprite.Editor.csproj", "{918E7C11-4E99-BA9D-B543-5EDA28ACECAD}"
EndProject
Project("{FAE04EC0-301F-11D3-BF4B-00C04F79EFBC}") = "Unity.2D.PixelPerfect", "Unity.2D.PixelPerfect.csproj", "{6497DB16-E503-1D9E-EA22-18AB5A21A928}"
EndProject
Project("{FAE04EC0-301F-11D3-BF4B-00C04F79EFBC}") = "Unity.2D.PixelPerfect.Editor", "Unity.2D.PixelPerfect.Editor.csproj", "{DE7CB535-83F1-2818-DE1D-3DD64E2295B3}"
EndProject
Project("{FAE04EC0-301F-11D3-BF4B-00C04F79EFBC}") = "Unity.2D.Common.Runtime", "Unity.2D.Common.Runtime.csproj", "{80A675E7-6FC4-F708-5D78-F21844431349}"
EndProject
Project("{FAE04EC0-301F-11D3-BF4B-00C04F79EFBC}") = "Unity.Mathematics.Editor", "Unity.Mathematics.Editor.csproj", "{CE857823-2BF9-E09C-1043-B883A807D1E6}"
EndProject
Project("{FAE04EC0-301F-11D3-BF4B-00C04F79EFBC}") = "Unity.Collections.BurstCompatibilityGen", "Unity.Collections.BurstCompatibilityGen.csproj", "{0B5DF237-61CE-FB82-2FE0-5B6051F48FEE}"
EndProject
Project("{FAE04EC0-301F-11D3-BF4B-00C04F79EFBC}") = "Unity.VisualScripting.Shared.Editor", "Unity.VisualScripting.Shared.Editor.csproj", "{9E424767-F59F-8182-A354-84ACAB135C73}"
EndProject
Project("{FAE04EC0-301F-11D3-BF4B-00C04F79EFBC}") = "Unity.Collections.DocCodeSamples", "Unity.Collections.DocCodeSamples.csproj", "{EC54A183-301B-408C-9710-7D183B1E7312}"
EndProject
Project("{FAE04EC0-301F-11D3-BF4B-00C04F79EFBC}") = "Unity.CollabProxy.Editor", "Unity.CollabProxy.Editor.csproj", "{9B811577-C705-0E4D-A63E-67D3A9EBE272}"
EndProject
Project("{FAE04EC0-301F-11D3-BF4B-00C04F79EFBC}") = "Unity.Timeline", "Unity.Timeline.Player.csproj", "{A682F67E-F2FA-620C-65CB-6E30A8F44184}"
EndProject
Project("{FAE04EC0-301F-11D3-BF4B-00C04F79EFBC}") = "Assembly-CSharp", "Assembly-CSharp.Player.csproj", "{E3E3BA62-B6A7-1E84-8496-6822C18104B2}"
EndProject
Project("{FAE04EC0-301F-11D3-BF4B-00C04F79EFBC}") = "Unity.VisualScripting.Flow", "Unity.VisualScripting.Flow.Player.csproj", "{0D44A5BD-EC7E-54C9-ECB2-16D790F10AA1}"
EndProject
Project("{FAE04EC0-301F-11D3-BF4B-00C04F79EFBC}") = "Unity.VisualScripting.Core", "Unity.VisualScripting.Core.Player.csproj", "{2690F127-D4B4-8471-B8B1-DBFE4DC79199}"
EndProject
Project("{FAE04EC0-301F-11D3-BF4B-00C04F79EFBC}") = "Unity.Mathematics", "Unity.Mathematics.Player.csproj", "{679DF853-904F-53A6-D2BB-F47680CDCB2E}"
EndProject
Project("{FAE04EC0-301F-11D3-BF4B-00C04F79EFBC}") = "Unity.2D.IK.Runtime", "Unity.2D.IK.Runtime.Player.csproj", "{88EB42EC-7738-5055-54F3-17B0164B9275}"
EndProject
Project("{FAE04EC0-301F-11D3-BF4B-00C04F79EFBC}") = "UnityEngine.TestRunner", "UnityEngine.TestRunner.Player.csproj", "{86548AF8-181A-7019-D161-3794C8E58422}"
EndProject
Project("{FAE04EC0-301F-11D3-BF4B-00C04F79EFBC}") = "Unity.Burst", "Unity.Burst.Player.csproj", "{2E85343F-F302-F521-D0BF-A92E6B087301}"
EndProject
Project("{FAE04EC0-301F-11D3-BF4B-00C04F79EFBC}") = "UnityEngine.UI", "UnityEngine.UI.Player.csproj", "{7F29E139-13AF-8A48-4853-DA147A2E5EAC}"
EndProject
Project("{FAE04EC0-301F-11D3-BF4B-00C04F79EFBC}") = "Unity.Collections", "Unity.Collections.Player.csproj", "{1616B023-9EA6-9B4F-0E3C-1959994A31E3}"
EndProject
Project("{FAE04EC0-301F-11D3-BF4B-00C04F79EFBC}") = "Unity.2D.SpriteShape.Runtime", "Unity.2D.SpriteShape.Runtime.Player.csproj", "{A9AAEA08-195F-D920-8CAE-5C9A66F30684}"
EndProject
Project("{FAE04EC0-301F-11D3-BF4B-00C04F79EFBC}") = "Unity.2D.Animation.Runtime", "Unity.2D.Animation.Runtime.Player.csproj", "{A515A019-CAE1-7AEB-2F55-972144A1C3A8}"
EndProject
Project("{FAE04EC0-301F-11D3-BF4B-00C04F79EFBC}") = "Unity.2D.Tilemap.Extras", "Unity.2D.Tilemap.Extras.Player.csproj", "{D5F66F4A-F5A3-E4DB-A9F4-AC9E34268222}"
EndProject
Project("{FAE04EC0-301F-11D3-BF4B-00C04F79EFBC}") = "Unity.VisualScripting.State", "Unity.VisualScripting.State.Player.csproj", "{7A960F05-2DB6-92C6-022E-D00A050F53C3}"
EndProject
Project("{FAE04EC0-301F-11D3-BF4B-00C04F79EFBC}") = "Unity.TextMeshPro", "Unity.TextMeshPro.Player.csproj", "{0074E45A-6AA4-E2DF-ACFB-5597E0780854}"
EndProject
Project("{FAE04EC0-301F-11D3-BF4B-00C04F79EFBC}") = "Unity.InternalAPIEngineBridge.001", "Unity.InternalAPIEngineBridge.001.Player.csproj", "{06C4FF03-A409-1E41-D70F-F3DB937FFA38}"
EndProject
Project("{FAE04EC0-301F-11D3-BF4B-00C04F79EFBC}") = "Unity.2D.PixelPerfect", "Unity.2D.PixelPerfect.Player.csproj", "{992F6AC3-FD0B-4FCF-8FDE-81671F9F31D7}"
EndProject
Project("{FAE04EC0-301F-11D3-BF4B-00C04F79EFBC}") = "Unity.2D.Common.Runtime", "Unity.2D.Common.Runtime.Player.csproj", "{C26F24D9-2D91-1006-09F7-4D3EB735E54E}"
EndProject
Project("{8BC9CEB8-8B4A-11D0-8D11-00A0C91BC942}") = "Flying Mugger", "Flying Mugger\Flying Mugger.vcxproj", "{57571793-BF11-47DB-A9BA-049C9AA938C7}"
	ProjectSection(ProjectDependencies) = postProject
		{9B743A06-56DC-42C2-99B1-B11DE6C02BBD} = {9B743A06-56DC-42C2-99B1-B11DE6C02BBD}
	EndProjectSection
EndProject
Project("{8BC9CEB8-8B4A-11D0-8D11-00A0C91BC942}") = "UnityData", "Flying Mugger\UnityData.vcxitems", "{9CC07CB0-D6B5-4B2E-990C-F644CBC7AE58}"
EndProject
Project("{8BC9CEB8-8B4A-11D0-8D11-00A0C91BC942}") = "UnityPlayerStub", "UnityPlayerStub\UnityPlayerStub.vcxproj", "{9B743A06-56DC-42C2-99B1-B11DE6C02BBD}"
EndProject
Global
	GlobalSection(SolutionConfigurationPlatforms) = preSolution
		Debug|Any CPU = Debug|Any CPU
		Release|Any CPU = Release|Any CPU
	EndGlobalSection
	GlobalSection(ProjectConfigurationPlatforms) = postSolution
		{AD6D447A-D011-101E-D61F-0DD651D06C4F}.Debug|Any CPU.ActiveCfg = Debug|Any CPU
		{AD6D447A-D011-101E-D61F-0DD651D06C4F}.Debug|Any CPU.Build.0 = Debug|Any CPU
		{AD6D447A-D011-101E-D61F-0DD651D06C4F}.Release|Any CPU.ActiveCfg = Release|Any CPU
		{AD6D447A-D011-101E-D61F-0DD651D06C4F}.Release|Any CPU.Build.0 = Release|Any CPU
		{CD681BCD-EF4C-AE64-A85A-13CCDA0A6E19}.Debug|Any CPU.ActiveCfg = Debug|Any CPU
		{CD681BCD-EF4C-AE64-A85A-13CCDA0A6E19}.Debug|Any CPU.Build.0 = Debug|Any CPU
		{CD681BCD-EF4C-AE64-A85A-13CCDA0A6E19}.Release|Any CPU.ActiveCfg = Release|Any CPU
		{CD681BCD-EF4C-AE64-A85A-13CCDA0A6E19}.Release|Any CPU.Build.0 = Release|Any CPU
		{8589ED1A-3796-89FB-AE44-063927FF78FF}.Debug|Any CPU.ActiveCfg = Debug|Any CPU
		{8589ED1A-3796-89FB-AE44-063927FF78FF}.Debug|Any CPU.Build.0 = Debug|Any CPU
		{8589ED1A-3796-89FB-AE44-063927FF78FF}.Release|Any CPU.ActiveCfg = Release|Any CPU
		{8589ED1A-3796-89FB-AE44-063927FF78FF}.Release|Any CPU.Build.0 = Release|Any CPU
		{87B7FA53-E5F8-7277-468B-AD10D3992294}.Debug|Any CPU.ActiveCfg = Debug|Any CPU
		{87B7FA53-E5F8-7277-468B-AD10D3992294}.Debug|Any CPU.Build.0 = Debug|Any CPU
		{87B7FA53-E5F8-7277-468B-AD10D3992294}.Release|Any CPU.ActiveCfg = Release|Any CPU
		{87B7FA53-E5F8-7277-468B-AD10D3992294}.Release|Any CPU.Build.0 = Release|Any CPU
		{58A53A16-E1E3-5492-25C1-B5AC5154C63F}.Debug|Any CPU.ActiveCfg = Debug|Any CPU
		{58A53A16-E1E3-5492-25C1-B5AC5154C63F}.Debug|Any CPU.Build.0 = Debug|Any CPU
		{58A53A16-E1E3-5492-25C1-B5AC5154C63F}.Release|Any CPU.ActiveCfg = Release|Any CPU
		{58A53A16-E1E3-5492-25C1-B5AC5154C63F}.Release|Any CPU.Build.0 = Release|Any CPU
		{2E4F94CF-012A-6F19-DBE7-9C9EEC44B511}.Debug|Any CPU.ActiveCfg = Debug|Any CPU
		{2E4F94CF-012A-6F19-DBE7-9C9EEC44B511}.Debug|Any CPU.Build.0 = Debug|Any CPU
		{2E4F94CF-012A-6F19-DBE7-9C9EEC44B511}.Release|Any CPU.ActiveCfg = Release|Any CPU
		{2E4F94CF-012A-6F19-DBE7-9C9EEC44B511}.Release|Any CPU.Build.0 = Release|Any CPU
		{09552822-3B1C-DF90-AF31-74D146666851}.Debug|Any CPU.ActiveCfg = Debug|Any CPU
		{09552822-3B1C-DF90-AF31-74D146666851}.Debug|Any CPU.Build.0 = Debug|Any CPU
		{09552822-3B1C-DF90-AF31-74D146666851}.Release|Any CPU.ActiveCfg = Release|Any CPU
		{09552822-3B1C-DF90-AF31-74D146666851}.Release|Any CPU.Build.0 = Release|Any CPU
		{6B4EBE2F-1BE6-8C07-1B31-34A9C151B0AB}.Debug|Any CPU.ActiveCfg = Debug|Any CPU
		{6B4EBE2F-1BE6-8C07-1B31-34A9C151B0AB}.Debug|Any CPU.Build.0 = Debug|Any CPU
		{6B4EBE2F-1BE6-8C07-1B31-34A9C151B0AB}.Release|Any CPU.ActiveCfg = Release|Any CPU
		{6B4EBE2F-1BE6-8C07-1B31-34A9C151B0AB}.Release|Any CPU.Build.0 = Release|Any CPU
		{87D18B7F-FC10-DD08-40DF-4D90FAE859DB}.Debug|Any CPU.ActiveCfg = Debug|Any CPU
		{87D18B7F-FC10-DD08-40DF-4D90FAE859DB}.Debug|Any CPU.Build.0 = Debug|Any CPU
		{87D18B7F-FC10-DD08-40DF-4D90FAE859DB}.Release|Any CPU.ActiveCfg = Release|Any CPU
		{87D18B7F-FC10-DD08-40DF-4D90FAE859DB}.Release|Any CPU.Build.0 = Release|Any CPU
		{C6098BA1-ED87-E8AD-0323-18AA31CAFC73}.Debug|Any CPU.ActiveCfg = Debug|Any CPU
		{C6098BA1-ED87-E8AD-0323-18AA31CAFC73}.Debug|Any CPU.Build.0 = Debug|Any CPU
		{C6098BA1-ED87-E8AD-0323-18AA31CAFC73}.Release|Any CPU.ActiveCfg = Release|Any CPU
		{C6098BA1-ED87-E8AD-0323-18AA31CAFC73}.Release|Any CPU.Build.0 = Release|Any CPU
		{86394040-E86C-9AC1-062A-1DD49EA8BB30}.Debug|Any CPU.ActiveCfg = Debug|Any CPU
		{86394040-E86C-9AC1-062A-1DD49EA8BB30}.Debug|Any CPU.Build.0 = Debug|Any CPU
		{86394040-E86C-9AC1-062A-1DD49EA8BB30}.Release|Any CPU.ActiveCfg = Release|Any CPU
		{86394040-E86C-9AC1-062A-1DD49EA8BB30}.Release|Any CPU.Build.0 = Release|Any CPU
		{B84F5270-35A1-7C43-BDE7-AF14EC527888}.Debug|Any CPU.ActiveCfg = Debug|Any CPU
		{B84F5270-35A1-7C43-BDE7-AF14EC527888}.Debug|Any CPU.Build.0 = Debug|Any CPU
		{B84F5270-35A1-7C43-BDE7-AF14EC527888}.Release|Any CPU.ActiveCfg = Release|Any CPU
		{B84F5270-35A1-7C43-BDE7-AF14EC527888}.Release|Any CPU.Build.0 = Release|Any CPU
		{A23F8CFA-E414-AC67-3EA2-E578BE9E987F}.Debug|Any CPU.ActiveCfg = Debug|Any CPU
		{A23F8CFA-E414-AC67-3EA2-E578BE9E987F}.Debug|Any CPU.Build.0 = Debug|Any CPU
		{A23F8CFA-E414-AC67-3EA2-E578BE9E987F}.Release|Any CPU.ActiveCfg = Release|Any CPU
		{A23F8CFA-E414-AC67-3EA2-E578BE9E987F}.Release|Any CPU.Build.0 = Release|Any CPU
		{994BC5BB-B0A3-4CD9-C308-D4420503C573}.Debug|Any CPU.ActiveCfg = Debug|Any CPU
		{994BC5BB-B0A3-4CD9-C308-D4420503C573}.Debug|Any CPU.Build.0 = Debug|Any CPU
		{994BC5BB-B0A3-4CD9-C308-D4420503C573}.Release|Any CPU.ActiveCfg = Release|Any CPU
		{994BC5BB-B0A3-4CD9-C308-D4420503C573}.Release|Any CPU.Build.0 = Release|Any CPU
		{950F0EA6-D86F-6335-42C9-569A0D8B262B}.Debug|Any CPU.ActiveCfg = Debug|Any CPU
		{950F0EA6-D86F-6335-42C9-569A0D8B262B}.Debug|Any CPU.Build.0 = Debug|Any CPU
		{950F0EA6-D86F-6335-42C9-569A0D8B262B}.Release|Any CPU.ActiveCfg = Release|Any CPU
		{950F0EA6-D86F-6335-42C9-569A0D8B262B}.Release|Any CPU.Build.0 = Release|Any CPU
		{54E3AC75-86B9-CB18-61D1-0045A5F5DA5D}.Debug|Any CPU.ActiveCfg = Debug|Any CPU
		{54E3AC75-86B9-CB18-61D1-0045A5F5DA5D}.Debug|Any CPU.Build.0 = Debug|Any CPU
		{54E3AC75-86B9-CB18-61D1-0045A5F5DA5D}.Release|Any CPU.ActiveCfg = Release|Any CPU
		{54E3AC75-86B9-CB18-61D1-0045A5F5DA5D}.Release|Any CPU.Build.0 = Release|Any CPU
		{EED07591-E589-6CE0-937F-E2B9B8D3BE60}.Debug|Any CPU.ActiveCfg = Debug|Any CPU
		{EED07591-E589-6CE0-937F-E2B9B8D3BE60}.Debug|Any CPU.Build.0 = Debug|Any CPU
		{EED07591-E589-6CE0-937F-E2B9B8D3BE60}.Release|Any CPU.ActiveCfg = Release|Any CPU
		{EED07591-E589-6CE0-937F-E2B9B8D3BE60}.Release|Any CPU.Build.0 = Release|Any CPU
		{51EC3711-F2BF-A3F9-1905-054633BE67CD}.Debug|Any CPU.ActiveCfg = Debug|Any CPU
		{51EC3711-F2BF-A3F9-1905-054633BE67CD}.Debug|Any CPU.Build.0 = Debug|Any CPU
		{51EC3711-F2BF-A3F9-1905-054633BE67CD}.Release|Any CPU.ActiveCfg = Release|Any CPU
		{51EC3711-F2BF-A3F9-1905-054633BE67CD}.Release|Any CPU.Build.0 = Release|Any CPU
		{BBC2596D-E79D-143C-9AAE-11675F5093B3}.Debug|Any CPU.ActiveCfg = Debug|Any CPU
		{BBC2596D-E79D-143C-9AAE-11675F5093B3}.Debug|Any CPU.Build.0 = Debug|Any CPU
		{BBC2596D-E79D-143C-9AAE-11675F5093B3}.Release|Any CPU.ActiveCfg = Release|Any CPU
		{BBC2596D-E79D-143C-9AAE-11675F5093B3}.Release|Any CPU.Build.0 = Release|Any CPU
		{4E3CD5E3-4767-C46F-8DC4-998D9F56709C}.Debug|Any CPU.ActiveCfg = Debug|Any CPU
		{4E3CD5E3-4767-C46F-8DC4-998D9F56709C}.Debug|Any CPU.Build.0 = Debug|Any CPU
		{4E3CD5E3-4767-C46F-8DC4-998D9F56709C}.Release|Any CPU.ActiveCfg = Release|Any CPU
		{4E3CD5E3-4767-C46F-8DC4-998D9F56709C}.Release|Any CPU.Build.0 = Release|Any CPU
		{2144A71B-0612-8B50-1322-BF2640B99FBF}.Debug|Any CPU.ActiveCfg = Debug|Any CPU
		{2144A71B-0612-8B50-1322-BF2640B99FBF}.Debug|Any CPU.Build.0 = Debug|Any CPU
		{2144A71B-0612-8B50-1322-BF2640B99FBF}.Release|Any CPU.ActiveCfg = Release|Any CPU
		{2144A71B-0612-8B50-1322-BF2640B99FBF}.Release|Any CPU.Build.0 = Release|Any CPU
		{9C4A7F16-47E2-9239-6624-8F334DC92910}.Debug|Any CPU.ActiveCfg = Debug|Any CPU
		{9C4A7F16-47E2-9239-6624-8F334DC92910}.Debug|Any CPU.Build.0 = Debug|Any CPU
		{9C4A7F16-47E2-9239-6624-8F334DC92910}.Release|Any CPU.ActiveCfg = Release|Any CPU
		{9C4A7F16-47E2-9239-6624-8F334DC92910}.Release|Any CPU.Build.0 = Release|Any CPU
		{E0576AE4-883C-8D40-D044-265DD4E344EE}.Debug|Any CPU.ActiveCfg = Debug|Any CPU
		{E0576AE4-883C-8D40-D044-265DD4E344EE}.Debug|Any CPU.Build.0 = Debug|Any CPU
		{E0576AE4-883C-8D40-D044-265DD4E344EE}.Release|Any CPU.ActiveCfg = Release|Any CPU
		{E0576AE4-883C-8D40-D044-265DD4E344EE}.Release|Any CPU.Build.0 = Release|Any CPU
		{21F0648E-67F6-7A60-D342-1223C52D902E}.Debug|Any CPU.ActiveCfg = Debug|Any CPU
		{21F0648E-67F6-7A60-D342-1223C52D902E}.Debug|Any CPU.Build.0 = Debug|Any CPU
		{21F0648E-67F6-7A60-D342-1223C52D902E}.Release|Any CPU.ActiveCfg = Release|Any CPU
		{21F0648E-67F6-7A60-D342-1223C52D902E}.Release|Any CPU.Build.0 = Release|Any CPU
		{187EADEF-3FE1-C4E7-EF22-533BE9A6C4AC}.Debug|Any CPU.ActiveCfg = Debug|Any CPU
		{187EADEF-3FE1-C4E7-EF22-533BE9A6C4AC}.Debug|Any CPU.Build.0 = Debug|Any CPU
		{187EADEF-3FE1-C4E7-EF22-533BE9A6C4AC}.Release|Any CPU.ActiveCfg = Release|Any CPU
		{187EADEF-3FE1-C4E7-EF22-533BE9A6C4AC}.Release|Any CPU.Build.0 = Release|Any CPU
		{A32C3DE8-D7F7-4414-BBA7-9CDCBF24F2EB}.Debug|Any CPU.ActiveCfg = Debug|Any CPU
		{A32C3DE8-D7F7-4414-BBA7-9CDCBF24F2EB}.Debug|Any CPU.Build.0 = Debug|Any CPU
		{A32C3DE8-D7F7-4414-BBA7-9CDCBF24F2EB}.Release|Any CPU.ActiveCfg = Release|Any CPU
		{A32C3DE8-D7F7-4414-BBA7-9CDCBF24F2EB}.Release|Any CPU.Build.0 = Release|Any CPU
		{73ECC46D-D953-CE37-FB63-066C2D14C53E}.Debug|Any CPU.ActiveCfg = Debug|Any CPU
		{73ECC46D-D953-CE37-FB63-066C2D14C53E}.Debug|Any CPU.Build.0 = Debug|Any CPU
		{73ECC46D-D953-CE37-FB63-066C2D14C53E}.Release|Any CPU.ActiveCfg = Release|Any CPU
		{73ECC46D-D953-CE37-FB63-066C2D14C53E}.Release|Any CPU.Build.0 = Release|Any CPU
		{BE5186C8-DB3A-A805-A9F8-9994B9DFA48D}.Debug|Any CPU.ActiveCfg = Debug|Any CPU
		{BE5186C8-DB3A-A805-A9F8-9994B9DFA48D}.Debug|Any CPU.Build.0 = Debug|Any CPU
		{BE5186C8-DB3A-A805-A9F8-9994B9DFA48D}.Release|Any CPU.ActiveCfg = Release|Any CPU
		{BE5186C8-DB3A-A805-A9F8-9994B9DFA48D}.Release|Any CPU.Build.0 = Release|Any CPU
		{94BE0A0D-23BB-2749-88CC-532C9A17CB13}.Debug|Any CPU.ActiveCfg = Debug|Any CPU
		{94BE0A0D-23BB-2749-88CC-532C9A17CB13}.Debug|Any CPU.Build.0 = Debug|Any CPU
		{94BE0A0D-23BB-2749-88CC-532C9A17CB13}.Release|Any CPU.ActiveCfg = Release|Any CPU
		{94BE0A0D-23BB-2749-88CC-532C9A17CB13}.Release|Any CPU.Build.0 = Release|Any CPU
		{D0B76FE7-2F60-3E63-E155-EFCEE7C60DB4}.Debug|Any CPU.ActiveCfg = Debug|Any CPU
		{D0B76FE7-2F60-3E63-E155-EFCEE7C60DB4}.Debug|Any CPU.Build.0 = Debug|Any CPU
		{D0B76FE7-2F60-3E63-E155-EFCEE7C60DB4}.Release|Any CPU.ActiveCfg = Release|Any CPU
		{D0B76FE7-2F60-3E63-E155-EFCEE7C60DB4}.Release|Any CPU.Build.0 = Release|Any CPU
		{1A594319-DE88-7CBE-700E-874B9DE9481E}.Debug|Any CPU.ActiveCfg = Debug|Any CPU
		{1A594319-DE88-7CBE-700E-874B9DE9481E}.Debug|Any CPU.Build.0 = Debug|Any CPU
		{1A594319-DE88-7CBE-700E-874B9DE9481E}.Release|Any CPU.ActiveCfg = Release|Any CPU
		{1A594319-DE88-7CBE-700E-874B9DE9481E}.Release|Any CPU.Build.0 = Release|Any CPU
		{F79E41B3-7FE6-8DD2-EF9E-A0E9FF50FBD6}.Debug|Any CPU.ActiveCfg = Debug|Any CPU
		{F79E41B3-7FE6-8DD2-EF9E-A0E9FF50FBD6}.Debug|Any CPU.Build.0 = Debug|Any CPU
		{F79E41B3-7FE6-8DD2-EF9E-A0E9FF50FBD6}.Release|Any CPU.ActiveCfg = Release|Any CPU
		{F79E41B3-7FE6-8DD2-EF9E-A0E9FF50FBD6}.Release|Any CPU.Build.0 = Release|Any CPU
		{5AD3F058-0C83-01EC-70E3-5631F79038DD}.Debug|Any CPU.ActiveCfg = Debug|Any CPU
		{5AD3F058-0C83-01EC-70E3-5631F79038DD}.Debug|Any CPU.Build.0 = Debug|Any CPU
		{5AD3F058-0C83-01EC-70E3-5631F79038DD}.Release|Any CPU.ActiveCfg = Release|Any CPU
		{5AD3F058-0C83-01EC-70E3-5631F79038DD}.Release|Any CPU.Build.0 = Release|Any CPU
		{9194DBF4-EE80-D5A6-5DC9-8379DF2F81A2}.Debug|Any CPU.ActiveCfg = Debug|Any CPU
		{9194DBF4-EE80-D5A6-5DC9-8379DF2F81A2}.Debug|Any CPU.Build.0 = Debug|Any CPU
		{9194DBF4-EE80-D5A6-5DC9-8379DF2F81A2}.Release|Any CPU.ActiveCfg = Release|Any CPU
		{9194DBF4-EE80-D5A6-5DC9-8379DF2F81A2}.Release|Any CPU.Build.0 = Release|Any CPU
		{3DB7BCC1-CE65-9826-0DB0-7591C95EFB7F}.Debug|Any CPU.ActiveCfg = Debug|Any CPU
		{3DB7BCC1-CE65-9826-0DB0-7591C95EFB7F}.Debug|Any CPU.Build.0 = Debug|Any CPU
		{3DB7BCC1-CE65-9826-0DB0-7591C95EFB7F}.Release|Any CPU.ActiveCfg = Release|Any CPU
		{3DB7BCC1-CE65-9826-0DB0-7591C95EFB7F}.Release|Any CPU.Build.0 = Release|Any CPU
		{9F05B8C2-0DC9-4C53-3F8B-01495BBA6AB8}.Debug|Any CPU.ActiveCfg = Debug|Any CPU
		{9F05B8C2-0DC9-4C53-3F8B-01495BBA6AB8}.Debug|Any CPU.Build.0 = Debug|Any CPU
		{9F05B8C2-0DC9-4C53-3F8B-01495BBA6AB8}.Release|Any CPU.ActiveCfg = Release|Any CPU
		{9F05B8C2-0DC9-4C53-3F8B-01495BBA6AB8}.Release|Any CPU.Build.0 = Release|Any CPU
		{B35D5604-A155-216A-69F2-376F3EFDB20E}.Debug|Any CPU.ActiveCfg = Debug|Any CPU
		{B35D5604-A155-216A-69F2-376F3EFDB20E}.Debug|Any CPU.Build.0 = Debug|Any CPU
		{B35D5604-A155-216A-69F2-376F3EFDB20E}.Release|Any CPU.ActiveCfg = Release|Any CPU
		{B35D5604-A155-216A-69F2-376F3EFDB20E}.Release|Any CPU.Build.0 = Release|Any CPU
		{C2938088-14BC-49D9-6450-0107C0F35B9A}.Debug|Any CPU.ActiveCfg = Debug|Any CPU
		{C2938088-14BC-49D9-6450-0107C0F35B9A}.Debug|Any CPU.Build.0 = Debug|Any CPU
		{C2938088-14BC-49D9-6450-0107C0F35B9A}.Release|Any CPU.ActiveCfg = Release|Any CPU
		{C2938088-14BC-49D9-6450-0107C0F35B9A}.Release|Any CPU.Build.0 = Release|Any CPU
		{29D732D6-8038-83DA-879C-6AF48E8826AC}.Debug|Any CPU.ActiveCfg = Debug|Any CPU
		{29D732D6-8038-83DA-879C-6AF48E8826AC}.Debug|Any CPU.Build.0 = Debug|Any CPU
		{29D732D6-8038-83DA-879C-6AF48E8826AC}.Release|Any CPU.ActiveCfg = Release|Any CPU
		{29D732D6-8038-83DA-879C-6AF48E8826AC}.Release|Any CPU.Build.0 = Release|Any CPU
		{918E7C11-4E99-BA9D-B543-5EDA28ACECAD}.Debug|Any CPU.ActiveCfg = Debug|Any CPU
		{918E7C11-4E99-BA9D-B543-5EDA28ACECAD}.Debug|Any CPU.Build.0 = Debug|Any CPU
		{918E7C11-4E99-BA9D-B543-5EDA28ACECAD}.Release|Any CPU.ActiveCfg = Release|Any CPU
		{918E7C11-4E99-BA9D-B543-5EDA28ACECAD}.Release|Any CPU.Build.0 = Release|Any CPU
		{6497DB16-E503-1D9E-EA22-18AB5A21A928}.Debug|Any CPU.ActiveCfg = Debug|Any CPU
		{6497DB16-E503-1D9E-EA22-18AB5A21A928}.Debug|Any CPU.Build.0 = Debug|Any CPU
		{6497DB16-E503-1D9E-EA22-18AB5A21A928}.Release|Any CPU.ActiveCfg = Release|Any CPU
		{6497DB16-E503-1D9E-EA22-18AB5A21A928}.Release|Any CPU.Build.0 = Release|Any CPU
		{DE7CB535-83F1-2818-DE1D-3DD64E2295B3}.Debug|Any CPU.ActiveCfg = Debug|Any CPU
		{DE7CB535-83F1-2818-DE1D-3DD64E2295B3}.Debug|Any CPU.Build.0 = Debug|Any CPU
		{DE7CB535-83F1-2818-DE1D-3DD64E2295B3}.Release|Any CPU.ActiveCfg = Release|Any CPU
		{DE7CB535-83F1-2818-DE1D-3DD64E2295B3}.Release|Any CPU.Build.0 = Release|Any CPU
		{80A675E7-6FC4-F708-5D78-F21844431349}.Debug|Any CPU.ActiveCfg = Debug|Any CPU
		{80A675E7-6FC4-F708-5D78-F21844431349}.Debug|Any CPU.Build.0 = Debug|Any CPU
		{80A675E7-6FC4-F708-5D78-F21844431349}.Release|Any CPU.ActiveCfg = Release|Any CPU
		{80A675E7-6FC4-F708-5D78-F21844431349}.Release|Any CPU.Build.0 = Release|Any CPU
		{CE857823-2BF9-E09C-1043-B883A807D1E6}.Debug|Any CPU.ActiveCfg = Debug|Any CPU
		{CE857823-2BF9-E09C-1043-B883A807D1E6}.Debug|Any CPU.Build.0 = Debug|Any CPU
		{CE857823-2BF9-E09C-1043-B883A807D1E6}.Release|Any CPU.ActiveCfg = Release|Any CPU
		{CE857823-2BF9-E09C-1043-B883A807D1E6}.Release|Any CPU.Build.0 = Release|Any CPU
		{0B5DF237-61CE-FB82-2FE0-5B6051F48FEE}.Debug|Any CPU.ActiveCfg = Debug|Any CPU
		{0B5DF237-61CE-FB82-2FE0-5B6051F48FEE}.Debug|Any CPU.Build.0 = Debug|Any CPU
		{0B5DF237-61CE-FB82-2FE0-5B6051F48FEE}.Release|Any CPU.ActiveCfg = Release|Any CPU
		{0B5DF237-61CE-FB82-2FE0-5B6051F48FEE}.Release|Any CPU.Build.0 = Release|Any CPU
		{9E424767-F59F-8182-A354-84ACAB135C73}.Debug|Any CPU.ActiveCfg = Debug|Any CPU
		{9E424767-F59F-8182-A354-84ACAB135C73}.Debug|Any CPU.Build.0 = Debug|Any CPU
		{9E424767-F59F-8182-A354-84ACAB135C73}.Release|Any CPU.ActiveCfg = Release|Any CPU
		{9E424767-F59F-8182-A354-84ACAB135C73}.Release|Any CPU.Build.0 = Release|Any CPU
		{EC54A183-301B-408C-9710-7D183B1E7312}.Debug|Any CPU.ActiveCfg = Debug|Any CPU
		{EC54A183-301B-408C-9710-7D183B1E7312}.Debug|Any CPU.Build.0 = Debug|Any CPU
		{EC54A183-301B-408C-9710-7D183B1E7312}.Release|Any CPU.ActiveCfg = Release|Any CPU
		{EC54A183-301B-408C-9710-7D183B1E7312}.Release|Any CPU.Build.0 = Release|Any CPU
		{9B811577-C705-0E4D-A63E-67D3A9EBE272}.Debug|Any CPU.ActiveCfg = Debug|Any CPU
		{9B811577-C705-0E4D-A63E-67D3A9EBE272}.Debug|Any CPU.Build.0 = Debug|Any CPU
		{9B811577-C705-0E4D-A63E-67D3A9EBE272}.Release|Any CPU.ActiveCfg = Release|Any CPU
		{9B811577-C705-0E4D-A63E-67D3A9EBE272}.Release|Any CPU.Build.0 = Release|Any CPU
		{A682F67E-F2FA-620C-65CB-6E30A8F44184}.Debug|Any CPU.ActiveCfg = Debug|Any CPU
		{A682F67E-F2FA-620C-65CB-6E30A8F44184}.Debug|Any CPU.Build.0 = Debug|Any CPU
		{A682F67E-F2FA-620C-65CB-6E30A8F44184}.Release|Any CPU.ActiveCfg = Release|Any CPU
		{A682F67E-F2FA-620C-65CB-6E30A8F44184}.Release|Any CPU.Build.0 = Release|Any CPU
		{E3E3BA62-B6A7-1E84-8496-6822C18104B2}.Debug|Any CPU.ActiveCfg = Debug|Any CPU
		{E3E3BA62-B6A7-1E84-8496-6822C18104B2}.Debug|Any CPU.Build.0 = Debug|Any CPU
		{E3E3BA62-B6A7-1E84-8496-6822C18104B2}.Release|Any CPU.ActiveCfg = Release|Any CPU
		{E3E3BA62-B6A7-1E84-8496-6822C18104B2}.Release|Any CPU.Build.0 = Release|Any CPU
		{0D44A5BD-EC7E-54C9-ECB2-16D790F10AA1}.Debug|Any CPU.ActiveCfg = Debug|Any CPU
		{0D44A5BD-EC7E-54C9-ECB2-16D790F10AA1}.Debug|Any CPU.Build.0 = Debug|Any CPU
		{0D44A5BD-EC7E-54C9-ECB2-16D790F10AA1}.Release|Any CPU.ActiveCfg = Release|Any CPU
		{0D44A5BD-EC7E-54C9-ECB2-16D790F10AA1}.Release|Any CPU.Build.0 = Release|Any CPU
		{2690F127-D4B4-8471-B8B1-DBFE4DC79199}.Debug|Any CPU.ActiveCfg = Debug|Any CPU
		{2690F127-D4B4-8471-B8B1-DBFE4DC79199}.Debug|Any CPU.Build.0 = Debug|Any CPU
		{2690F127-D4B4-8471-B8B1-DBFE4DC79199}.Release|Any CPU.ActiveCfg = Release|Any CPU
		{2690F127-D4B4-8471-B8B1-DBFE4DC79199}.Release|Any CPU.Build.0 = Release|Any CPU
		{679DF853-904F-53A6-D2BB-F47680CDCB2E}.Debug|Any CPU.ActiveCfg = Debug|Any CPU
		{679DF853-904F-53A6-D2BB-F47680CDCB2E}.Debug|Any CPU.Build.0 = Debug|Any CPU
		{679DF853-904F-53A6-D2BB-F47680CDCB2E}.Release|Any CPU.ActiveCfg = Release|Any CPU
		{679DF853-904F-53A6-D2BB-F47680CDCB2E}.Release|Any CPU.Build.0 = Release|Any CPU
		{88EB42EC-7738-5055-54F3-17B0164B9275}.Debug|Any CPU.ActiveCfg = Debug|Any CPU
		{88EB42EC-7738-5055-54F3-17B0164B9275}.Debug|Any CPU.Build.0 = Debug|Any CPU
		{88EB42EC-7738-5055-54F3-17B0164B9275}.Release|Any CPU.ActiveCfg = Release|Any CPU
		{88EB42EC-7738-5055-54F3-17B0164B9275}.Release|Any CPU.Build.0 = Release|Any CPU
		{86548AF8-181A-7019-D161-3794C8E58422}.Debug|Any CPU.ActiveCfg = Debug|Any CPU
		{86548AF8-181A-7019-D161-3794C8E58422}.Debug|Any CPU.Build.0 = Debug|Any CPU
		{86548AF8-181A-7019-D161-3794C8E58422}.Release|Any CPU.ActiveCfg = Release|Any CPU
		{86548AF8-181A-7019-D161-3794C8E58422}.Release|Any CPU.Build.0 = Release|Any CPU
		{2E85343F-F302-F521-D0BF-A92E6B087301}.Debug|Any CPU.ActiveCfg = Debug|Any CPU
		{2E85343F-F302-F521-D0BF-A92E6B087301}.Debug|Any CPU.Build.0 = Debug|Any CPU
		{2E85343F-F302-F521-D0BF-A92E6B087301}.Release|Any CPU.ActiveCfg = Release|Any CPU
		{2E85343F-F302-F521-D0BF-A92E6B087301}.Release|Any CPU.Build.0 = Release|Any CPU
		{7F29E139-13AF-8A48-4853-DA147A2E5EAC}.Debug|Any CPU.ActiveCfg = Debug|Any CPU
		{7F29E139-13AF-8A48-4853-DA147A2E5EAC}.Debug|Any CPU.Build.0 = Debug|Any CPU
		{7F29E139-13AF-8A48-4853-DA147A2E5EAC}.Release|Any CPU.ActiveCfg = Release|Any CPU
		{7F29E139-13AF-8A48-4853-DA147A2E5EAC}.Release|Any CPU.Build.0 = Release|Any CPU
		{1616B023-9EA6-9B4F-0E3C-1959994A31E3}.Debug|Any CPU.ActiveCfg = Debug|Any CPU
		{1616B023-9EA6-9B4F-0E3C-1959994A31E3}.Debug|Any CPU.Build.0 = Debug|Any CPU
		{1616B023-9EA6-9B4F-0E3C-1959994A31E3}.Release|Any CPU.ActiveCfg = Release|Any CPU
		{1616B023-9EA6-9B4F-0E3C-1959994A31E3}.Release|Any CPU.Build.0 = Release|Any CPU
		{A9AAEA08-195F-D920-8CAE-5C9A66F30684}.Debug|Any CPU.ActiveCfg = Debug|Any CPU
		{A9AAEA08-195F-D920-8CAE-5C9A66F30684}.Debug|Any CPU.Build.0 = Debug|Any CPU
		{A9AAEA08-195F-D920-8CAE-5C9A66F30684}.Release|Any CPU.ActiveCfg = Release|Any CPU
		{A9AAEA08-195F-D920-8CAE-5C9A66F30684}.Release|Any CPU.Build.0 = Release|Any CPU
		{A515A019-CAE1-7AEB-2F55-972144A1C3A8}.Debug|Any CPU.ActiveCfg = Debug|Any CPU
		{A515A019-CAE1-7AEB-2F55-972144A1C3A8}.Debug|Any CPU.Build.0 = Debug|Any CPU
		{A515A019-CAE1-7AEB-2F55-972144A1C3A8}.Release|Any CPU.ActiveCfg = Release|Any CPU
		{A515A019-CAE1-7AEB-2F55-972144A1C3A8}.Release|Any CPU.Build.0 = Release|Any CPU
		{D5F66F4A-F5A3-E4DB-A9F4-AC9E34268222}.Debug|Any CPU.ActiveCfg = Debug|Any CPU
		{D5F66F4A-F5A3-E4DB-A9F4-AC9E34268222}.Debug|Any CPU.Build.0 = Debug|Any CPU
		{D5F66F4A-F5A3-E4DB-A9F4-AC9E34268222}.Release|Any CPU.ActiveCfg = Release|Any CPU
		{D5F66F4A-F5A3-E4DB-A9F4-AC9E34268222}.Release|Any CPU.Build.0 = Release|Any CPU
		{7A960F05-2DB6-92C6-022E-D00A050F53C3}.Debug|Any CPU.ActiveCfg = Debug|Any CPU
		{7A960F05-2DB6-92C6-022E-D00A050F53C3}.Debug|Any CPU.Build.0 = Debug|Any CPU
		{7A960F05-2DB6-92C6-022E-D00A050F53C3}.Release|Any CPU.ActiveCfg = Release|Any CPU
		{7A960F05-2DB6-92C6-022E-D00A050F53C3}.Release|Any CPU.Build.0 = Release|Any CPU
		{0074E45A-6AA4-E2DF-ACFB-5597E0780854}.Debug|Any CPU.ActiveCfg = Debug|Any CPU
		{0074E45A-6AA4-E2DF-ACFB-5597E0780854}.Debug|Any CPU.Build.0 = Debug|Any CPU
		{0074E45A-6AA4-E2DF-ACFB-5597E0780854}.Release|Any CPU.ActiveCfg = Release|Any CPU
		{0074E45A-6AA4-E2DF-ACFB-5597E0780854}.Release|Any CPU.Build.0 = Release|Any CPU
		{06C4FF03-A409-1E41-D70F-F3DB937FFA38}.Debug|Any CPU.ActiveCfg = Debug|Any CPU
		{06C4FF03-A409-1E41-D70F-F3DB937FFA38}.Debug|Any CPU.Build.0 = Debug|Any CPU
		{06C4FF03-A409-1E41-D70F-F3DB937FFA38}.Release|Any CPU.ActiveCfg = Release|Any CPU
		{06C4FF03-A409-1E41-D70F-F3DB937FFA38}.Release|Any CPU.Build.0 = Release|Any CPU
		{992F6AC3-FD0B-4FCF-8FDE-81671F9F31D7}.Debug|Any CPU.ActiveCfg = Debug|Any CPU
		{992F6AC3-FD0B-4FCF-8FDE-81671F9F31D7}.Debug|Any CPU.Build.0 = Debug|Any CPU
		{992F6AC3-FD0B-4FCF-8FDE-81671F9F31D7}.Release|Any CPU.ActiveCfg = Release|Any CPU
		{992F6AC3-FD0B-4FCF-8FDE-81671F9F31D7}.Release|Any CPU.Build.0 = Release|Any CPU
		{C26F24D9-2D91-1006-09F7-4D3EB735E54E}.Debug|Any CPU.ActiveCfg = Debug|Any CPU
		{C26F24D9-2D91-1006-09F7-4D3EB735E54E}.Debug|Any CPU.Build.0 = Debug|Any CPU
		{C26F24D9-2D91-1006-09F7-4D3EB735E54E}.Release|Any CPU.ActiveCfg = Release|Any CPU
		{C26F24D9-2D91-1006-09F7-4D3EB735E54E}.Release|Any CPU.Build.0 = Release|Any CPU
		{57571793-BF11-47DB-A9BA-049C9AA938C7}.Debug|Any CPU.ActiveCfg = Debug|Any CPU
		{57571793-BF11-47DB-A9BA-049C9AA938C7}.Debug|Any CPU.Build.0 = Debug|Any CPU
		{57571793-BF11-47DB-A9BA-049C9AA938C7}.Release|Any CPU.ActiveCfg = Release|Any CPU
		{57571793-BF11-47DB-A9BA-049C9AA938C7}.Release|Any CPU.Build.0 = Release|Any CPU
		{9CC07CB0-D6B5-4B2E-990C-F644CBC7AE58}.Debug|Any CPU.ActiveCfg = Debug|Any CPU
		{9CC07CB0-D6B5-4B2E-990C-F644CBC7AE58}.Debug|Any CPU.Build.0 = Debug|Any CPU
		{9CC07CB0-D6B5-4B2E-990C-F644CBC7AE58}.Release|Any CPU.ActiveCfg = Release|Any CPU
		{9CC07CB0-D6B5-4B2E-990C-F644CBC7AE58}.Release|Any CPU.Build.0 = Release|Any CPU
		{9B743A06-56DC-42C2-99B1-B11DE6C02BBD}.Debug|Any CPU.ActiveCfg = Debug|Any CPU
		{9B743A06-56DC-42C2-99B1-B11DE6C02BBD}.Debug|Any CPU.Build.0 = Debug|Any CPU
		{9B743A06-56DC-42C2-99B1-B11DE6C02BBD}.Release|Any CPU.ActiveCfg = Release|Any CPU
		{9B743A06-56DC-42C2-99B1-B11DE6C02BBD}.Release|Any CPU.Build.0 = Release|Any CPU
	EndGlobalSection
	GlobalSection(SolutionProperties) = preSolution
		HideSolutionNode = FALSE
	EndGlobalSection
EndGlobal
